PODS:
  - encryptions (0.0.1):
    - Flutter
  - Flutter (1.0.0)

DEPENDENCIES:
  - encryptions (from `.symlinks/plugins/encryptions/ios`)
  - Flutter (from `Flutter`)

EXTERNAL SOURCES:
  encryptions:
    :path: ".symlinks/plugins/encryptions/ios"
  Flutter:
    :path: Flutter

SPEC CHECKSUMS:
  encryptions: a374d8610fbe88a7f00a14e059ff1df3f100d9e2
  Flutter: 434fef37c0980e73bb6479ef766c45957d4b510c

PODFILE CHECKSUM: aafe91acc616949ddb318b77800a7f51bffa2a4c

COCOAPODS: 1.10.1
