PODS:
  - encryptions (0.0.1):
    - Flutter
  - Flutter (1.0.0)

DEPENDENCIES:
  - encryptions (from `.symlinks/plugins/encryptions/ios`)
  - Flutter (from `Flutter`)

EXTERNAL SOURCES:
  encryptions:
    :path: ".symlinks/plugins/encryptions/ios"
  Flutter:
    :path: Flutter

SPEC CHECKSUMS:
  encryptions: a374d8610fbe88a7f00a14e059ff1df3f100d9e2
  Flutter: 0e3d915762c693b495b44d77113d4970485de6ec

PODFILE CHECKSUM: c34e2287a9ccaa606aeceab922830efb9a6ff69a

COCOAPODS: 1.8.4
